
Microsoft Visual Studio Solution File, Format Version 12.00
# Visual Studio 15
VisualStudioVersion = 15.0.28010.2041
MinimumVisualStudioVersion = 10.0.40219.1
Project("{FAE04EC0-301F-11D3-BF4B-00C04F79EFBC}") = "MySQL", "homework9\MySQL.csproj", "{89537061-11A9-4888-82BF-C07476797EFE}"
EndProject
Project("{FAE04EC0-301F-11D3-BF4B-00C04F79EFBC}") = "SimpleCrawler.cs", "SimpleCrawler.cs\SimpleCrawler.cs.csproj", "{B6E79C2F-2A5A-40A7-BA27-2F95C68FDF26}"
EndProject
Project("{FAE04EC0-301F-11D3-BF4B-00C04F79EFBC}") = "Crawler", "Crawler\Crawler.csproj", "{69731E41-1E5B-4A3C-9DB6-C5B3497B8A50}"
EndProject
Global
	GlobalSection(SolutionConfigurationPlatforms) = preSolution
		Debug|Any CPU = Debug|Any CPU
		Release|Any CPU = Release|Any CPU
	EndGlobalSection
	GlobalSection(ProjectConfigurationPlatforms) = postSolution
		{89537061-11A9-4888-82BF-C07476797EFE}.Debug|Any CPU.ActiveCfg = Debug|Any CPU
		{89537061-11A9-4888-82BF-C07476797EFE}.Debug|Any CPU.Build.0 = Debug|Any CPU
		{89537061-11A9-4888-82BF-C07476797EFE}.Release|Any CPU.ActiveCfg = Release|Any CPU
		{89537061-11A9-4888-82BF-C07476797EFE}.Release|Any CPU.Build.0 = Release|Any CPU
		{B6E79C2F-2A5A-40A7-BA27-2F95C68FDF26}.Debug|Any CPU.ActiveCfg = Debug|Any CPU
		{B6E79C2F-2A5A-40A7-BA27-2F95C68FDF26}.Debug|Any CPU.Build.0 = Debug|Any CPU
		{B6E79C2F-2A5A-40A7-BA27-2F95C68FDF26}.Release|Any CPU.ActiveCfg = Release|Any CPU
		{B6E79C2F-2A5A-40A7-BA27-2F95C68FDF26}.Release|Any CPU.Build.0 = Release|Any CPU
		{69731E41-1E5B-4A3C-9DB6-C5B3497B8A50}.Debug|Any CPU.ActiveCfg = Debug|Any CPU
		{69731E41-1E5B-4A3C-9DB6-C5B3497B8A50}.Debug|Any CPU.Build.0 = Debug|Any CPU
		{69731E41-1E5B-4A3C-9DB6-C5B3497B8A50}.Release|Any CPU.ActiveCfg = Release|Any CPU
		{69731E41-1E5B-4A3C-9DB6-C5B3497B8A50}.Release|Any CPU.Build.0 = Release|Any CPU
	EndGlobalSection
	GlobalSection(SolutionProperties) = preSolution
		HideSolutionNode = FALSE
	EndGlobalSection
	GlobalSection(ExtensibilityGlobals) = postSolution
		SolutionGuid = {52C4BFFA-AC9A-427A-90B9-E7753CC1995B}
	EndGlobalSection
EndGlobal
