
Microsoft Visual Studio Solution File, Format Version 12.00
# Visual Studio 15
VisualStudioVersion = 15.0.28010.2041
MinimumVisualStudioVersion = 10.0.40219.1
Project("{FAE04EC0-301F-11D3-BF4B-00C04F79EFBC}") = "homework6", "homework6\homework6.csproj", "{47D91F15-5D1D-48EB-B390-45E4C67F96D9}"
EndProject
Project("{FAE04EC0-301F-11D3-BF4B-00C04F79EFBC}") = "homework6Tests", "homework6Tests\homework6Tests.csproj", "{48083D42-6274-4C52-9BE0-C1FF127B323C}"
EndProject
Global
	GlobalSection(SolutionConfigurationPlatforms) = preSolution
		Debug|Any CPU = Debug|Any CPU
		Release|Any CPU = Release|Any CPU
	EndGlobalSection
	GlobalSection(ProjectConfigurationPlatforms) = postSolution
		{47D91F15-5D1D-48EB-B390-45E4C67F96D9}.Debug|Any CPU.ActiveCfg = Debug|Any CPU
		{47D91F15-5D1D-48EB-B390-45E4C67F96D9}.Debug|Any CPU.Build.0 = Debug|Any CPU
		{47D91F15-5D1D-48EB-B390-45E4C67F96D9}.Release|Any CPU.ActiveCfg = Release|Any CPU
		{47D91F15-5D1D-48EB-B390-45E4C67F96D9}.Release|Any CPU.Build.0 = Release|Any CPU
		{48083D42-6274-4C52-9BE0-C1FF127B323C}.Debug|Any CPU.ActiveCfg = Debug|Any CPU
		{48083D42-6274-4C52-9BE0-C1FF127B323C}.Debug|Any CPU.Build.0 = Debug|Any CPU
		{48083D42-6274-4C52-9BE0-C1FF127B323C}.Release|Any CPU.ActiveCfg = Release|Any CPU
		{48083D42-6274-4C52-9BE0-C1FF127B323C}.Release|Any CPU.Build.0 = Release|Any CPU
	EndGlobalSection
	GlobalSection(SolutionProperties) = preSolution
		HideSolutionNode = FALSE
	EndGlobalSection
	GlobalSection(ExtensibilityGlobals) = postSolution
		SolutionGuid = {198BA28E-AB64-451C-8D47-E53763EAFAB7}
	EndGlobalSection
EndGlobal
